// !$*UTF8*$!
{
	archiveVersion = 1;
	classes = {
	};
	objectVersion = 46;
	objects = {

/* Begin PBXBuildFile section */
		9E145EC31DA1CD6F008F88AE /* HardwareConnectViewController.swift in Sources */ = {isa = PBXBuildFile; fileRef = 9E145EC21DA1CD6F008F88AE /* HardwareConnectViewController.swift */; };
		9E145EC41DA21D4E008F88AE /* Realm.framework in Frameworks */ = {isa = PBXBuildFile; fileRef = 9E452FE51D958BE600C96165 /* Realm.framework */; };
		9E145EC51DA21D52008F88AE /* RealmSwift.framework in Frameworks */ = {isa = PBXBuildFile; fileRef = 9E452FE31D958BDE00C96165 /* RealmSwift.framework */; };
		9E1CC2B71D911527008AF139 /* DejaVuSans.ttf in Resources */ = {isa = PBXBuildFile; fileRef = 9E1CC2B61D911527008AF139 /* DejaVuSans.ttf */; };
		9E357AC91DB2CC3000883163 /* WorkoutManager.swift in Sources */ = {isa = PBXBuildFile; fileRef = 9E357AC81DB2CC3000883163 /* WorkoutManager.swift */; };
		9E3888C81D862E8900DFC271 /* AppDelegate.swift in Sources */ = {isa = PBXBuildFile; fileRef = 9E3888C71D862E8900DFC271 /* AppDelegate.swift */; };
		9E3888CA1D862E8900DFC271 /* PowerMeterDetailViewController.swift in Sources */ = {isa = PBXBuildFile; fileRef = 9E3888C91D862E8900DFC271 /* PowerMeterDetailViewController.swift */; };
		9E3888CD1D862E8900DFC271 /* Main.storyboard in Resources */ = {isa = PBXBuildFile; fileRef = 9E3888CB1D862E8900DFC271 /* Main.storyboard */; };
		9E3888CF1D862E8900DFC271 /* Assets.xcassets in Resources */ = {isa = PBXBuildFile; fileRef = 9E3888CE1D862E8900DFC271 /* Assets.xcassets */; };
		9E3888D21D862E8900DFC271 /* LaunchScreen.storyboard in Resources */ = {isa = PBXBuildFile; fileRef = 9E3888D01D862E8900DFC271 /* LaunchScreen.storyboard */; };
		9E3888DD1D862E8A00DFC271 /* PowerIntervalsTests.swift in Sources */ = {isa = PBXBuildFile; fileRef = 9E3888DC1D862E8A00DFC271 /* PowerIntervalsTests.swift */; };
		9E4472181D90EFB600CFECCE /* Fabric.framework in Frameworks */ = {isa = PBXBuildFile; fileRef = 9E4472161D90EFB600CFECCE /* Fabric.framework */; };
		9E4472191D90EFB600CFECCE /* Crashlytics.framework in Frameworks */ = {isa = PBXBuildFile; fileRef = 9E4472171D90EFB600CFECCE /* Crashlytics.framework */; };
		9E4523861DB2E4B000C380F2 /* NSMutableArray+JBStack.m in Sources */ = {isa = PBXBuildFile; fileRef = 9E4523681DB2E4B000C380F2 /* NSMutableArray+JBStack.m */; };
		9E4523871DB2E4B000C380F2 /* JBBarChartView.m in Sources */ = {isa = PBXBuildFile; fileRef = 9E45236B1DB2E4B000C380F2 /* JBBarChartView.m */; };
		9E4523881DB2E4B000C380F2 /* JBGradientBarView.m in Sources */ = {isa = PBXBuildFile; fileRef = 9E45236E1DB2E4B000C380F2 /* JBGradientBarView.m */; };
		9E4523891DB2E4B000C380F2 /* JBChartView.m in Sources */ = {isa = PBXBuildFile; fileRef = 9E4523711DB2E4B000C380F2 /* JBChartView.m */; };
		9E45238A1DB2E4B000C380F2 /* JBLineChartView.m in Sources */ = {isa = PBXBuildFile; fileRef = 9E4523741DB2E4B000C380F2 /* JBLineChartView.m */; };
		9E45238B1DB2E4B000C380F2 /* JBGradientLineLayer.m in Sources */ = {isa = PBXBuildFile; fileRef = 9E4523771DB2E4B000C380F2 /* JBGradientLineLayer.m */; };
		9E45238C1DB2E4B000C380F2 /* JBShapeLineLayer.m in Sources */ = {isa = PBXBuildFile; fileRef = 9E4523791DB2E4B000C380F2 /* JBShapeLineLayer.m */; };
		9E45238D1DB2E4B000C380F2 /* JBLineChartLine.m in Sources */ = {isa = PBXBuildFile; fileRef = 9E45237C1DB2E4B000C380F2 /* JBLineChartLine.m */; };
		9E45238E1DB2E4B000C380F2 /* JBLineChartPoint.m in Sources */ = {isa = PBXBuildFile; fileRef = 9E45237E1DB2E4B000C380F2 /* JBLineChartPoint.m */; };
		9E45238F1DB2E4B000C380F2 /* JBLineChartDotsView.m in Sources */ = {isa = PBXBuildFile; fileRef = 9E4523811DB2E4B000C380F2 /* JBLineChartDotsView.m */; };
		9E4523901DB2E4B000C380F2 /* JBLineChartDotView.m in Sources */ = {isa = PBXBuildFile; fileRef = 9E4523831DB2E4B000C380F2 /* JBLineChartDotView.m */; };
		9E4523911DB2E4B000C380F2 /* JBLineChartLinesView.m in Sources */ = {isa = PBXBuildFile; fileRef = 9E4523851DB2E4B000C380F2 /* JBLineChartLinesView.m */; };
		9E452FDA1D956FA600C96165 /* DeviceListViewController.swift in Sources */ = {isa = PBXBuildFile; fileRef = 9E452FD91D956FA600C96165 /* DeviceListViewController.swift */; };
		9E452FDD1D95813B00C96165 /* PowerSensorDevice.swift in Sources */ = {isa = PBXBuildFile; fileRef = 9E452FDC1D95813B00C96165 /* PowerSensorDevice.swift */; };
		9E452FE01D9581D600C96165 /* DeviceListDataSource.swift in Sources */ = {isa = PBXBuildFile; fileRef = 9E452FDF1D9581D600C96165 /* DeviceListDataSource.swift */; };
		9E452FE41D958BDE00C96165 /* RealmSwift.framework in Frameworks */ = {isa = PBXBuildFile; fileRef = 9E452FE31D958BDE00C96165 /* RealmSwift.framework */; };
		9E452FE61D958BE600C96165 /* Realm.framework in Frameworks */ = {isa = PBXBuildFile; fileRef = 9E452FE51D958BE600C96165 /* Realm.framework */; };
		9E8BB37F1D86337700367E60 /* FakePowerMeter.swift in Sources */ = {isa = PBXBuildFile; fileRef = 9E8BB37E1D86337700367E60 /* FakePowerMeter.swift */; };
		9EABF6B71D8C46C200B8AC27 /* IntTimeExtension.swift in Sources */ = {isa = PBXBuildFile; fileRef = 9EABF6B61D8C46C200B8AC27 /* IntTimeExtension.swift */; };
		9EB4F46F1DC5567000B7045E /* PowerZone.swift in Sources */ = {isa = PBXBuildFile; fileRef = 9EB4F46E1DC5567000B7045E /* PowerZone.swift */; };
		9EB4F4711DC556AB00B7045E /* Color.swift in Sources */ = {isa = PBXBuildFile; fileRef = 9EB4F4701DC556AB00B7045E /* Color.swift */; };
		9EC2F8A01DA31C6B00F31CD6 /* beep-hightone.aif in Resources */ = {isa = PBXBuildFile; fileRef = 9EC2F89F1DA31C6B00F31CD6 /* beep-hightone.aif */; };
		9EE6E48E1DA7E26700E9F3BC /* BluetoothDelegate.swift in Sources */ = {isa = PBXBuildFile; fileRef = 9EE6E48D1DA7E26700E9F3BC /* BluetoothDelegate.swift */; };
		9EFDBB021D88517E00C56D97 /* SystemConfiguration.framework in Frameworks */ = {isa = PBXBuildFile; fileRef = 9EFDBB011D88517E00C56D97 /* SystemConfiguration.framework */; };
		9EFDBB041D88518300C56D97 /* ExternalAccessory.framework in Frameworks */ = {isa = PBXBuildFile; fileRef = 9EFDBB031D88518300C56D97 /* ExternalAccessory.framework */; };
		9EFDBB061D88518800C56D97 /* CoreBluetooth.framework in Frameworks */ = {isa = PBXBuildFile; fileRef = 9EFDBB051D88518800C56D97 /* CoreBluetooth.framework */; settings = {ATTRIBUTES = (Weak, ); }; };
		9EFDBB081D8852C200C56D97 /* WFConnector.framework in Frameworks */ = {isa = PBXBuildFile; fileRef = 9EFDBB071D8852C200C56D97 /* WFConnector.framework */; };
		9EFDBB0E1D8854A600C56D97 /* WahooHardware.swift in Sources */ = {isa = PBXBuildFile; fileRef = 9EFDBB0D1D8854A600C56D97 /* WahooHardware.swift */; };
/* End PBXBuildFile section */

/* Begin PBXContainerItemProxy section */
		9E3888D91D862E8900DFC271 /* PBXContainerItemProxy */ = {
			isa = PBXContainerItemProxy;
			containerPortal = 9E3888BC1D862E8900DFC271 /* Project object */;
			proxyType = 1;
			remoteGlobalIDString = 9E3888C31D862E8900DFC271;
			remoteInfo = PowerIntervals;
		};
/* End PBXContainerItemProxy section */

/* Begin PBXFileReference section */
		9E145EC21DA1CD6F008F88AE /* HardwareConnectViewController.swift */ = {isa = PBXFileReference; fileEncoding = 4; lastKnownFileType = sourcecode.swift; name = HardwareConnectViewController.swift; path = HardwareConnectionFlow/HardwareConnectViewController.swift; sourceTree = "<group>"; };
		9E1CC2B61D911527008AF139 /* DejaVuSans.ttf */ = {isa = PBXFileReference; lastKnownFileType = file; path = DejaVuSans.ttf; sourceTree = "<group>"; };
		9E357AC81DB2CC3000883163 /* WorkoutManager.swift */ = {isa = PBXFileReference; fileEncoding = 4; lastKnownFileType = sourcecode.swift; path = WorkoutManager.swift; sourceTree = "<group>"; };
		9E3888C41D862E8900DFC271 /* PowerIntervals.app */ = {isa = PBXFileReference; explicitFileType = wrapper.application; includeInIndex = 0; path = PowerIntervals.app; sourceTree = BUILT_PRODUCTS_DIR; };
		9E3888C71D862E8900DFC271 /* AppDelegate.swift */ = {isa = PBXFileReference; lastKnownFileType = sourcecode.swift; path = AppDelegate.swift; sourceTree = "<group>"; };
		9E3888C91D862E8900DFC271 /* PowerMeterDetailViewController.swift */ = {isa = PBXFileReference; lastKnownFileType = sourcecode.swift; path = PowerMeterDetailViewController.swift; sourceTree = "<group>"; };
		9E3888CC1D862E8900DFC271 /* Base */ = {isa = PBXFileReference; lastKnownFileType = file.storyboard; name = Base; path = Base.lproj/Main.storyboard; sourceTree = "<group>"; };
		9E3888CE1D862E8900DFC271 /* Assets.xcassets */ = {isa = PBXFileReference; lastKnownFileType = folder.assetcatalog; path = Assets.xcassets; sourceTree = "<group>"; };
		9E3888D11D862E8900DFC271 /* Base */ = {isa = PBXFileReference; lastKnownFileType = file.storyboard; name = Base; path = Base.lproj/LaunchScreen.storyboard; sourceTree = "<group>"; };
		9E3888D31D862E8900DFC271 /* Info.plist */ = {isa = PBXFileReference; lastKnownFileType = text.plist.xml; path = Info.plist; sourceTree = "<group>"; };
		9E3888D81D862E8900DFC271 /* PowerIntervalsTests.xctest */ = {isa = PBXFileReference; explicitFileType = wrapper.cfbundle; includeInIndex = 0; path = PowerIntervalsTests.xctest; sourceTree = BUILT_PRODUCTS_DIR; };
		9E3888DC1D862E8A00DFC271 /* PowerIntervalsTests.swift */ = {isa = PBXFileReference; lastKnownFileType = sourcecode.swift; path = PowerIntervalsTests.swift; sourceTree = "<group>"; };
		9E3888DE1D862E8A00DFC271 /* Info.plist */ = {isa = PBXFileReference; lastKnownFileType = text.plist.xml; path = Info.plist; sourceTree = "<group>"; };
		9E4472161D90EFB600CFECCE /* Fabric.framework */ = {isa = PBXFileReference; lastKnownFileType = wrapper.framework; path = Fabric.framework; sourceTree = "<group>"; };
		9E4472171D90EFB600CFECCE /* Crashlytics.framework */ = {isa = PBXFileReference; lastKnownFileType = wrapper.framework; path = Crashlytics.framework; sourceTree = "<group>"; };
		9E4523671DB2E4B000C380F2 /* NSMutableArray+JBStack.h */ = {isa = PBXFileReference; fileEncoding = 4; lastKnownFileType = sourcecode.c.h; path = "NSMutableArray+JBStack.h"; sourceTree = "<group>"; };
		9E4523681DB2E4B000C380F2 /* NSMutableArray+JBStack.m */ = {isa = PBXFileReference; fileEncoding = 4; lastKnownFileType = sourcecode.c.objc; path = "NSMutableArray+JBStack.m"; sourceTree = "<group>"; };
		9E45236A1DB2E4B000C380F2 /* JBBarChartView.h */ = {isa = PBXFileReference; fileEncoding = 4; lastKnownFileType = sourcecode.c.h; path = JBBarChartView.h; sourceTree = "<group>"; };
		9E45236B1DB2E4B000C380F2 /* JBBarChartView.m */ = {isa = PBXFileReference; fileEncoding = 4; lastKnownFileType = sourcecode.c.objc; path = JBBarChartView.m; sourceTree = "<group>"; };
		9E45236D1DB2E4B000C380F2 /* JBGradientBarView.h */ = {isa = PBXFileReference; fileEncoding = 4; lastKnownFileType = sourcecode.c.h; path = JBGradientBarView.h; sourceTree = "<group>"; };
		9E45236E1DB2E4B000C380F2 /* JBGradientBarView.m */ = {isa = PBXFileReference; fileEncoding = 4; lastKnownFileType = sourcecode.c.objc; path = JBGradientBarView.m; sourceTree = "<group>"; };
		9E4523701DB2E4B000C380F2 /* JBChartView.h */ = {isa = PBXFileReference; fileEncoding = 4; lastKnownFileType = sourcecode.c.h; path = JBChartView.h; sourceTree = "<group>"; };
		9E4523711DB2E4B000C380F2 /* JBChartView.m */ = {isa = PBXFileReference; fileEncoding = 4; lastKnownFileType = sourcecode.c.objc; path = JBChartView.m; sourceTree = "<group>"; };
		9E4523731DB2E4B000C380F2 /* JBLineChartView.h */ = {isa = PBXFileReference; fileEncoding = 4; lastKnownFileType = sourcecode.c.h; path = JBLineChartView.h; sourceTree = "<group>"; };
		9E4523741DB2E4B000C380F2 /* JBLineChartView.m */ = {isa = PBXFileReference; fileEncoding = 4; lastKnownFileType = sourcecode.c.objc; path = JBLineChartView.m; sourceTree = "<group>"; };
		9E4523761DB2E4B000C380F2 /* JBGradientLineLayer.h */ = {isa = PBXFileReference; fileEncoding = 4; lastKnownFileType = sourcecode.c.h; path = JBGradientLineLayer.h; sourceTree = "<group>"; };
		9E4523771DB2E4B000C380F2 /* JBGradientLineLayer.m */ = {isa = PBXFileReference; fileEncoding = 4; lastKnownFileType = sourcecode.c.objc; path = JBGradientLineLayer.m; sourceTree = "<group>"; };
		9E4523781DB2E4B000C380F2 /* JBShapeLineLayer.h */ = {isa = PBXFileReference; fileEncoding = 4; lastKnownFileType = sourcecode.c.h; path = JBShapeLineLayer.h; sourceTree = "<group>"; };
		9E4523791DB2E4B000C380F2 /* JBShapeLineLayer.m */ = {isa = PBXFileReference; fileEncoding = 4; lastKnownFileType = sourcecode.c.objc; path = JBShapeLineLayer.m; sourceTree = "<group>"; };
		9E45237B1DB2E4B000C380F2 /* JBLineChartLine.h */ = {isa = PBXFileReference; fileEncoding = 4; lastKnownFileType = sourcecode.c.h; path = JBLineChartLine.h; sourceTree = "<group>"; };
		9E45237C1DB2E4B000C380F2 /* JBLineChartLine.m */ = {isa = PBXFileReference; fileEncoding = 4; lastKnownFileType = sourcecode.c.objc; path = JBLineChartLine.m; sourceTree = "<group>"; };
		9E45237D1DB2E4B000C380F2 /* JBLineChartPoint.h */ = {isa = PBXFileReference; fileEncoding = 4; lastKnownFileType = sourcecode.c.h; path = JBLineChartPoint.h; sourceTree = "<group>"; };
		9E45237E1DB2E4B000C380F2 /* JBLineChartPoint.m */ = {isa = PBXFileReference; fileEncoding = 4; lastKnownFileType = sourcecode.c.objc; path = JBLineChartPoint.m; sourceTree = "<group>"; };
		9E4523801DB2E4B000C380F2 /* JBLineChartDotsView.h */ = {isa = PBXFileReference; fileEncoding = 4; lastKnownFileType = sourcecode.c.h; path = JBLineChartDotsView.h; sourceTree = "<group>"; };
		9E4523811DB2E4B000C380F2 /* JBLineChartDotsView.m */ = {isa = PBXFileReference; fileEncoding = 4; lastKnownFileType = sourcecode.c.objc; path = JBLineChartDotsView.m; sourceTree = "<group>"; };
		9E4523821DB2E4B000C380F2 /* JBLineChartDotView.h */ = {isa = PBXFileReference; fileEncoding = 4; lastKnownFileType = sourcecode.c.h; path = JBLineChartDotView.h; sourceTree = "<group>"; };
		9E4523831DB2E4B000C380F2 /* JBLineChartDotView.m */ = {isa = PBXFileReference; fileEncoding = 4; lastKnownFileType = sourcecode.c.objc; path = JBLineChartDotView.m; sourceTree = "<group>"; };
		9E4523841DB2E4B000C380F2 /* JBLineChartLinesView.h */ = {isa = PBXFileReference; fileEncoding = 4; lastKnownFileType = sourcecode.c.h; path = JBLineChartLinesView.h; sourceTree = "<group>"; };
		9E4523851DB2E4B000C380F2 /* JBLineChartLinesView.m */ = {isa = PBXFileReference; fileEncoding = 4; lastKnownFileType = sourcecode.c.objc; path = JBLineChartLinesView.m; sourceTree = "<group>"; };
		9E452FD91D956FA600C96165 /* DeviceListViewController.swift */ = {isa = PBXFileReference; fileEncoding = 4; lastKnownFileType = sourcecode.swift; path = DeviceListViewController.swift; sourceTree = "<group>"; };
		9E452FDC1D95813B00C96165 /* PowerSensorDevice.swift */ = {isa = PBXFileReference; fileEncoding = 4; lastKnownFileType = sourcecode.swift; name = PowerSensorDevice.swift; path = Model/PowerSensorDevice.swift; sourceTree = "<group>"; };
		9E452FDF1D9581D600C96165 /* DeviceListDataSource.swift */ = {isa = PBXFileReference; fileEncoding = 4; lastKnownFileType = sourcecode.swift; name = DeviceListDataSource.swift; path = DeviceListView/DeviceListDataSource.swift; sourceTree = "<group>"; };
		9E452FE31D958BDE00C96165 /* RealmSwift.framework */ = {isa = PBXFileReference; lastKnownFileType = wrapper.framework; name = RealmSwift.framework; path = Carthage/Build/iOS/RealmSwift.framework; sourceTree = "<group>"; };
		9E452FE51D958BE600C96165 /* Realm.framework */ = {isa = PBXFileReference; lastKnownFileType = wrapper.framework; name = Realm.framework; path = Carthage/Build/iOS/Realm.framework; sourceTree = "<group>"; };
		9E6D52941DB2DEAD005503A1 /* JBChartView-Bridging-Header.h */ = {isa = PBXFileReference; fileEncoding = 4; lastKnownFileType = sourcecode.c.h; name = "JBChartView-Bridging-Header.h"; path = "PowerIntervals/JBChartView-Bridging-Header.h"; sourceTree = "<group>"; };
		9E8BB37E1D86337700367E60 /* FakePowerMeter.swift */ = {isa = PBXFileReference; fileEncoding = 4; lastKnownFileType = sourcecode.swift; path = FakePowerMeter.swift; sourceTree = "<group>"; };
		9EABF6B61D8C46C200B8AC27 /* IntTimeExtension.swift */ = {isa = PBXFileReference; fileEncoding = 4; lastKnownFileType = sourcecode.swift; path = IntTimeExtension.swift; sourceTree = "<group>"; };
		9EB4F46E1DC5567000B7045E /* PowerZone.swift */ = {isa = PBXFileReference; fileEncoding = 4; lastKnownFileType = sourcecode.swift; name = PowerZone.swift; path = Model/PowerZone.swift; sourceTree = "<group>"; };
		9EB4F4701DC556AB00B7045E /* Color.swift */ = {isa = PBXFileReference; fileEncoding = 4; lastKnownFileType = sourcecode.swift; path = Color.swift; sourceTree = "<group>"; };
		9EC2F89F1DA31C6B00F31CD6 /* beep-hightone.aif */ = {isa = PBXFileReference; lastKnownFileType = file; path = "beep-hightone.aif"; sourceTree = "<group>"; };
		9EE6E48D1DA7E26700E9F3BC /* BluetoothDelegate.swift */ = {isa = PBXFileReference; fileEncoding = 4; lastKnownFileType = sourcecode.swift; name = BluetoothDelegate.swift; path = PowerIntervals/BluetoothDelegate/BluetoothDelegate.swift; sourceTree = "<group>"; };
		9EFDBB011D88517E00C56D97 /* SystemConfiguration.framework */ = {isa = PBXFileReference; lastKnownFileType = wrapper.framework; name = SystemConfiguration.framework; path = System/Library/Frameworks/SystemConfiguration.framework; sourceTree = SDKROOT; };
		9EFDBB031D88518300C56D97 /* ExternalAccessory.framework */ = {isa = PBXFileReference; lastKnownFileType = wrapper.framework; name = ExternalAccessory.framework; path = System/Library/Frameworks/ExternalAccessory.framework; sourceTree = SDKROOT; };
		9EFDBB051D88518800C56D97 /* CoreBluetooth.framework */ = {isa = PBXFileReference; lastKnownFileType = wrapper.framework; name = CoreBluetooth.framework; path = System/Library/Frameworks/CoreBluetooth.framework; sourceTree = SDKROOT; };
		9EFDBB071D8852C200C56D97 /* WFConnector.framework */ = {isa = PBXFileReference; lastKnownFileType = wrapper.framework; name = WFConnector.framework; path = PowerIntervals/WFConnector.framework; sourceTree = "<group>"; };
		9EFDBB091D88534700C56D97 /* PowerIntervals-Bridging-Header.h */ = {isa = PBXFileReference; lastKnownFileType = sourcecode.c.h; path = "PowerIntervals-Bridging-Header.h"; sourceTree = "<group>"; };
		9EFDBB0D1D8854A600C56D97 /* WahooHardware.swift */ = {isa = PBXFileReference; fileEncoding = 4; lastKnownFileType = sourcecode.swift; path = WahooHardware.swift; sourceTree = "<group>"; };
		9EFDBB0F1D8861ED00C56D97 /* PowerIntervals.entitlements */ = {isa = PBXFileReference; lastKnownFileType = text.plist.entitlements; path = PowerIntervals.entitlements; sourceTree = "<group>"; };
/* End PBXFileReference section */

/* Begin PBXFrameworksBuildPhase section */
		9E3888C11D862E8900DFC271 /* Frameworks */ = {
			isa = PBXFrameworksBuildPhase;
			buildActionMask = 2147483647;
			files = (
				9E452FE61D958BE600C96165 /* Realm.framework in Frameworks */,
				9E452FE41D958BDE00C96165 /* RealmSwift.framework in Frameworks */,
				9EFDBB081D8852C200C56D97 /* WFConnector.framework in Frameworks */,
				9E4472181D90EFB600CFECCE /* Fabric.framework in Frameworks */,
				9EFDBB061D88518800C56D97 /* CoreBluetooth.framework in Frameworks */,
				9EFDBB041D88518300C56D97 /* ExternalAccessory.framework in Frameworks */,
				9E4472191D90EFB600CFECCE /* Crashlytics.framework in Frameworks */,
				9EFDBB021D88517E00C56D97 /* SystemConfiguration.framework in Frameworks */,
			);
			runOnlyForDeploymentPostprocessing = 0;
		};
		9E3888D51D862E8900DFC271 /* Frameworks */ = {
			isa = PBXFrameworksBuildPhase;
			buildActionMask = 2147483647;
			files = (
				9E145EC51DA21D52008F88AE /* RealmSwift.framework in Frameworks */,
				9E145EC41DA21D4E008F88AE /* Realm.framework in Frameworks */,
			);
			runOnlyForDeploymentPostprocessing = 0;
		};
/* End PBXFrameworksBuildPhase section */

/* Begin PBXGroup section */
		9E145EC11DA1CD52008F88AE /* HardwareConnectionFlow */ = {
			isa = PBXGroup;
			children = (
				9E145EC21DA1CD6F008F88AE /* HardwareConnectViewController.swift */,
			);
			name = HardwareConnectionFlow;
			sourceTree = "<group>";
		};
		9E3888BB1D862E8900DFC271 = {
			isa = PBXGroup;
			children = (
				9E6D52941DB2DEAD005503A1 /* JBChartView-Bridging-Header.h */,
				9EE6E48D1DA7E26700E9F3BC /* BluetoothDelegate.swift */,
				9E3888C61D862E8900DFC271 /* PowerIntervals */,
				9E3888DB1D862E8900DFC271 /* PowerIntervalsTests */,
				9E4523641DB2E48B00C380F2 /* Libraries */,
				9E3888C51D862E8900DFC271 /* Products */,
				9EFDBAFE1D88517400C56D97 /* Frameworks */,
			);
			sourceTree = "<group>";
		};
		9E3888C51D862E8900DFC271 /* Products */ = {
			isa = PBXGroup;
			children = (
				9E3888C41D862E8900DFC271 /* PowerIntervals.app */,
				9E3888D81D862E8900DFC271 /* PowerIntervalsTests.xctest */,
			);
			name = Products;
			sourceTree = "<group>";
		};
		9E3888C61D862E8900DFC271 /* PowerIntervals */ = {
			isa = PBXGroup;
			children = (
				9E145EC11DA1CD52008F88AE /* HardwareConnectionFlow */,
				9E452FDE1D9581A100C96165 /* DeviceListView */,
				9E452FDB1D95811F00C96165 /* Model */,
				9EFDBB0F1D8861ED00C56D97 /* PowerIntervals.entitlements */,
				9E3888C71D862E8900DFC271 /* AppDelegate.swift */,
				9E3888C91D862E8900DFC271 /* PowerMeterDetailViewController.swift */,
				9E3888CB1D862E8900DFC271 /* Main.storyboard */,
				9E8BB37E1D86337700367E60 /* FakePowerMeter.swift */,
				9E3888CE1D862E8900DFC271 /* Assets.xcassets */,
				9E3888D01D862E8900DFC271 /* LaunchScreen.storyboard */,
				9E3888D31D862E8900DFC271 /* Info.plist */,
				9EFDBB0D1D8854A600C56D97 /* WahooHardware.swift */,
				9E452FE21D95841800C96165 /* Utility */,
				9E452FE11D9583F700C96165 /* Resources */,
				9EB4F4701DC556AB00B7045E /* Color.swift */,
			);
			path = PowerIntervals;
			sourceTree = "<group>";
		};
		9E3888DB1D862E8900DFC271 /* PowerIntervalsTests */ = {
			isa = PBXGroup;
			children = (
				9E3888DC1D862E8A00DFC271 /* PowerIntervalsTests.swift */,
				9E3888DE1D862E8A00DFC271 /* Info.plist */,
			);
			path = PowerIntervalsTests;
			sourceTree = "<group>";
		};
		9E4523641DB2E48B00C380F2 /* Libraries */ = {
			isa = PBXGroup;
			children = (
				9E4523651DB2E4B000C380F2 /* JBChartView */,
			);
			name = Libraries;
			sourceTree = "<group>";
		};
		9E4523651DB2E4B000C380F2 /* JBChartView */ = {
			isa = PBXGroup;
			children = (
				9E4523661DB2E4B000C380F2 /* Additions */,
				9E4523691DB2E4B000C380F2 /* Bar */,
				9E45236F1DB2E4B000C380F2 /* Base */,
				9E4523721DB2E4B000C380F2 /* Line */,
			);
			name = JBChartView;
			path = Classes;
			sourceTree = "<group>";
		};
		9E4523661DB2E4B000C380F2 /* Additions */ = {
			isa = PBXGroup;
			children = (
				9E4523671DB2E4B000C380F2 /* NSMutableArray+JBStack.h */,
				9E4523681DB2E4B000C380F2 /* NSMutableArray+JBStack.m */,
			);
			path = Additions;
			sourceTree = "<group>";
		};
		9E4523691DB2E4B000C380F2 /* Bar */ = {
			isa = PBXGroup;
			children = (
				9E45236A1DB2E4B000C380F2 /* JBBarChartView.h */,
				9E45236B1DB2E4B000C380F2 /* JBBarChartView.m */,
				9E45236C1DB2E4B000C380F2 /* Views */,
			);
			path = Bar;
			sourceTree = "<group>";
		};
		9E45236C1DB2E4B000C380F2 /* Views */ = {
			isa = PBXGroup;
			children = (
				9E45236D1DB2E4B000C380F2 /* JBGradientBarView.h */,
				9E45236E1DB2E4B000C380F2 /* JBGradientBarView.m */,
			);
			path = Views;
			sourceTree = "<group>";
		};
		9E45236F1DB2E4B000C380F2 /* Base */ = {
			isa = PBXGroup;
			children = (
				9E4523701DB2E4B000C380F2 /* JBChartView.h */,
				9E4523711DB2E4B000C380F2 /* JBChartView.m */,
			);
			path = Base;
			sourceTree = "<group>";
		};
		9E4523721DB2E4B000C380F2 /* Line */ = {
			isa = PBXGroup;
			children = (
				9E4523731DB2E4B000C380F2 /* JBLineChartView.h */,
				9E4523741DB2E4B000C380F2 /* JBLineChartView.m */,
				9E4523751DB2E4B000C380F2 /* Layers */,
				9E45237A1DB2E4B000C380F2 /* Models */,
				9E45237F1DB2E4B000C380F2 /* Views */,
			);
			path = Line;
			sourceTree = "<group>";
		};
		9E4523751DB2E4B000C380F2 /* Layers */ = {
			isa = PBXGroup;
			children = (
				9E4523761DB2E4B000C380F2 /* JBGradientLineLayer.h */,
				9E4523771DB2E4B000C380F2 /* JBGradientLineLayer.m */,
				9E4523781DB2E4B000C380F2 /* JBShapeLineLayer.h */,
				9E4523791DB2E4B000C380F2 /* JBShapeLineLayer.m */,
			);
			path = Layers;
			sourceTree = "<group>";
		};
		9E45237A1DB2E4B000C380F2 /* Models */ = {
			isa = PBXGroup;
			children = (
				9E45237B1DB2E4B000C380F2 /* JBLineChartLine.h */,
				9E45237C1DB2E4B000C380F2 /* JBLineChartLine.m */,
				9E45237D1DB2E4B000C380F2 /* JBLineChartPoint.h */,
				9E45237E1DB2E4B000C380F2 /* JBLineChartPoint.m */,
			);
			path = Models;
			sourceTree = "<group>";
		};
		9E45237F1DB2E4B000C380F2 /* Views */ = {
			isa = PBXGroup;
			children = (
				9E4523801DB2E4B000C380F2 /* JBLineChartDotsView.h */,
				9E4523811DB2E4B000C380F2 /* JBLineChartDotsView.m */,
				9E4523821DB2E4B000C380F2 /* JBLineChartDotView.h */,
				9E4523831DB2E4B000C380F2 /* JBLineChartDotView.m */,
				9E4523841DB2E4B000C380F2 /* JBLineChartLinesView.h */,
				9E4523851DB2E4B000C380F2 /* JBLineChartLinesView.m */,
			);
			path = Views;
			sourceTree = "<group>";
		};
		9E452FDB1D95811F00C96165 /* Model */ = {
			isa = PBXGroup;
			children = (
				9E357AC81DB2CC3000883163 /* WorkoutManager.swift */,
				9E452FDC1D95813B00C96165 /* PowerSensorDevice.swift */,
				9EB4F46E1DC5567000B7045E /* PowerZone.swift */,
			);
			name = Model;
			sourceTree = "<group>";
		};
		9E452FDE1D9581A100C96165 /* DeviceListView */ = {
			isa = PBXGroup;
			children = (
				9E452FD91D956FA600C96165 /* DeviceListViewController.swift */,
				9E452FDF1D9581D600C96165 /* DeviceListDataSource.swift */,
			);
			name = DeviceListView;
			sourceTree = "<group>";
		};
		9E452FE11D9583F700C96165 /* Resources */ = {
			isa = PBXGroup;
			children = (
				9EC2F89F1DA31C6B00F31CD6 /* beep-hightone.aif */,
				9E1CC2B61D911527008AF139 /* DejaVuSans.ttf */,
			);
			name = Resources;
			sourceTree = "<group>";
		};
		9E452FE21D95841800C96165 /* Utility */ = {
			isa = PBXGroup;
			children = (
				9EFDBB091D88534700C56D97 /* PowerIntervals-Bridging-Header.h */,
				9EABF6B61D8C46C200B8AC27 /* IntTimeExtension.swift */,
			);
			name = Utility;
			sourceTree = "<group>";
		};
		9EFDBAFE1D88517400C56D97 /* Frameworks */ = {
			isa = PBXGroup;
			children = (
				9E452FE51D958BE600C96165 /* Realm.framework */,
				9E452FE31D958BDE00C96165 /* RealmSwift.framework */,
				9E4472161D90EFB600CFECCE /* Fabric.framework */,
				9E4472171D90EFB600CFECCE /* Crashlytics.framework */,
				9EFDBB071D8852C200C56D97 /* WFConnector.framework */,
				9EFDBB051D88518800C56D97 /* CoreBluetooth.framework */,
				9EFDBB031D88518300C56D97 /* ExternalAccessory.framework */,
				9EFDBB011D88517E00C56D97 /* SystemConfiguration.framework */,
			);
			name = Frameworks;
			sourceTree = "<group>";
		};
/* End PBXGroup section */

/* Begin PBXNativeTarget section */
		9E3888C31D862E8900DFC271 /* PowerIntervals */ = {
			isa = PBXNativeTarget;
			buildConfigurationList = 9E3888E11D862E8A00DFC271 /* Build configuration list for PBXNativeTarget "PowerIntervals" */;
			buildPhases = (
				9E3888C01D862E8900DFC271 /* Sources */,
				9E3888C11D862E8900DFC271 /* Frameworks */,
				9E3888C21D862E8900DFC271 /* Resources */,
				9E4472151D90EF8F00CFECCE /* ShellScript */,
				9E452FE71D958BFF00C96165 /* ShellScript */,
			);
			buildRules = (
			);
			dependencies = (
			);
			name = PowerIntervals;
			productName = PowerIntervals;
			productReference = 9E3888C41D862E8900DFC271 /* PowerIntervals.app */;
			productType = "com.apple.product-type.application";
		};
		9E3888D71D862E8900DFC271 /* PowerIntervalsTests */ = {
			isa = PBXNativeTarget;
			buildConfigurationList = 9E3888E41D862E8A00DFC271 /* Build configuration list for PBXNativeTarget "PowerIntervalsTests" */;
			buildPhases = (
				9E3888D41D862E8900DFC271 /* Sources */,
				9E3888D51D862E8900DFC271 /* Frameworks */,
				9E3888D61D862E8900DFC271 /* Resources */,
			);
			buildRules = (
			);
			dependencies = (
				9E3888DA1D862E8900DFC271 /* PBXTargetDependency */,
			);
			name = PowerIntervalsTests;
			productName = PowerIntervalsTests;
			productReference = 9E3888D81D862E8900DFC271 /* PowerIntervalsTests.xctest */;
			productType = "com.apple.product-type.bundle.unit-test";
		};
/* End PBXNativeTarget section */

/* Begin PBXProject section */
		9E3888BC1D862E8900DFC271 /* Project object */ = {
			isa = PBXProject;
			attributes = {
				LastSwiftUpdateCheck = 0730;
				LastUpgradeCheck = 0800;
				ORGANIZATIONNAME = Thumbworks;
				TargetAttributes = {
					9E3888C31D862E8900DFC271 = {
						CreatedOnToolsVersion = 7.3.1;
						DevelopmentTeam = F4WTN36U2F;
						LastSwiftMigration = 0800;
					};
					9E3888D71D862E8900DFC271 = {
						CreatedOnToolsVersion = 7.3.1;
						LastSwiftMigration = 0800;
						TestTargetID = 9E3888C31D862E8900DFC271;
					};
				};
			};
			buildConfigurationList = 9E3888BF1D862E8900DFC271 /* Build configuration list for PBXProject "PowerIntervals" */;
			compatibilityVersion = "Xcode 3.2";
			developmentRegion = English;
			hasScannedForEncodings = 0;
			knownRegions = (
				en,
				Base,
			);
			mainGroup = 9E3888BB1D862E8900DFC271;
			productRefGroup = 9E3888C51D862E8900DFC271 /* Products */;
			projectDirPath = "";
			projectRoot = "";
			targets = (
				9E3888C31D862E8900DFC271 /* PowerIntervals */,
				9E3888D71D862E8900DFC271 /* PowerIntervalsTests */,
			);
		};
/* End PBXProject section */

/* Begin PBXResourcesBuildPhase section */
		9E3888C21D862E8900DFC271 /* Resources */ = {
			isa = PBXResourcesBuildPhase;
			buildActionMask = 2147483647;
			files = (
				9E3888D21D862E8900DFC271 /* LaunchScreen.storyboard in Resources */,
				9E3888CF1D862E8900DFC271 /* Assets.xcassets in Resources */,
				9E1CC2B71D911527008AF139 /* DejaVuSans.ttf in Resources */,
				9E3888CD1D862E8900DFC271 /* Main.storyboard in Resources */,
				9EC2F8A01DA31C6B00F31CD6 /* beep-hightone.aif in Resources */,
			);
			runOnlyForDeploymentPostprocessing = 0;
		};
		9E3888D61D862E8900DFC271 /* Resources */ = {
			isa = PBXResourcesBuildPhase;
			buildActionMask = 2147483647;
			files = (
			);
			runOnlyForDeploymentPostprocessing = 0;
		};
/* End PBXResourcesBuildPhase section */

/* Begin PBXShellScriptBuildPhase section */
		9E4472151D90EF8F00CFECCE /* ShellScript */ = {
			isa = PBXShellScriptBuildPhase;
			buildActionMask = 2147483647;
			files = (
			);
			inputPaths = (
			);
			outputPaths = (
			);
			runOnlyForDeploymentPostprocessing = 0;
			shellPath = /bin/sh;
			shellScript = "./Fabric.framework/run 4b46703db98701784c4043e084776733025ee139 4c5362aedb1b37e306e3b58d92ad274b0f151735a4d80d27cc85e3a2b9ea2c9e";
		};
		9E452FE71D958BFF00C96165 /* ShellScript */ = {
			isa = PBXShellScriptBuildPhase;
			buildActionMask = 2147483647;
			files = (
			);
			inputPaths = (
				"$(SRCROOT)/Carthage/Build/iOS/Realm.framework",
				"$(SRCROOT)/Carthage/Build/iOS/RealmSwift.framework",
			);
			outputPaths = (
			);
			runOnlyForDeploymentPostprocessing = 0;
			shellPath = /bin/sh;
			shellScript = "/usr/local/bin/carthage copy-frameworks\n";
		};
/* End PBXShellScriptBuildPhase section */

/* Begin PBXSourcesBuildPhase section */
		9E3888C01D862E8900DFC271 /* Sources */ = {
			isa = PBXSourcesBuildPhase;
			buildActionMask = 2147483647;
			files = (
				9E45238B1DB2E4B000C380F2 /* JBGradientLineLayer.m in Sources */,
				9E4523881DB2E4B000C380F2 /* JBGradientBarView.m in Sources */,
				9E45238D1DB2E4B000C380F2 /* JBLineChartLine.m in Sources */,
				9E8BB37F1D86337700367E60 /* FakePowerMeter.swift in Sources */,
				9E452FDD1D95813B00C96165 /* PowerSensorDevice.swift in Sources */,
				9E45238E1DB2E4B000C380F2 /* JBLineChartPoint.m in Sources */,
				9E4523861DB2E4B000C380F2 /* NSMutableArray+JBStack.m in Sources */,
				9E45238F1DB2E4B000C380F2 /* JBLineChartDotsView.m in Sources */,
				9EE6E48E1DA7E26700E9F3BC /* BluetoothDelegate.swift in Sources */,
				9E4523901DB2E4B000C380F2 /* JBLineChartDotView.m in Sources */,
				9E3888CA1D862E8900DFC271 /* PowerMeterDetailViewController.swift in Sources */,
				9EB4F46F1DC5567000B7045E /* PowerZone.swift in Sources */,
				9E357AC91DB2CC3000883163 /* WorkoutManager.swift in Sources */,
				9E4523871DB2E4B000C380F2 /* JBBarChartView.m in Sources */,
				9E3888C81D862E8900DFC271 /* AppDelegate.swift in Sources */,
				9EABF6B71D8C46C200B8AC27 /* IntTimeExtension.swift in Sources */,
				9E452FE01D9581D600C96165 /* DeviceListDataSource.swift in Sources */,
				9E4523911DB2E4B000C380F2 /* JBLineChartLinesView.m in Sources */,
				9EB4F4711DC556AB00B7045E /* Color.swift in Sources */,
				9E145EC31DA1CD6F008F88AE /* HardwareConnectViewController.swift in Sources */,
				9EFDBB0E1D8854A600C56D97 /* WahooHardware.swift in Sources */,
				9E45238A1DB2E4B000C380F2 /* JBLineChartView.m in Sources */,
				9E4523891DB2E4B000C380F2 /* JBChartView.m in Sources */,
				9E452FDA1D956FA600C96165 /* DeviceListViewController.swift in Sources */,
				9E45238C1DB2E4B000C380F2 /* JBShapeLineLayer.m in Sources */,
			);
			runOnlyForDeploymentPostprocessing = 0;
		};
		9E3888D41D862E8900DFC271 /* Sources */ = {
			isa = PBXSourcesBuildPhase;
			buildActionMask = 2147483647;
			files = (
				9E3888DD1D862E8A00DFC271 /* PowerIntervalsTests.swift in Sources */,
			);
			runOnlyForDeploymentPostprocessing = 0;
		};
/* End PBXSourcesBuildPhase section */

/* Begin PBXTargetDependency section */
		9E3888DA1D862E8900DFC271 /* PBXTargetDependency */ = {
			isa = PBXTargetDependency;
			target = 9E3888C31D862E8900DFC271 /* PowerIntervals */;
			targetProxy = 9E3888D91D862E8900DFC271 /* PBXContainerItemProxy */;
		};
/* End PBXTargetDependency section */

/* Begin PBXVariantGroup section */
		9E3888CB1D862E8900DFC271 /* Main.storyboard */ = {
			isa = PBXVariantGroup;
			children = (
				9E3888CC1D862E8900DFC271 /* Base */,
			);
			name = Main.storyboard;
			sourceTree = "<group>";
		};
		9E3888D01D862E8900DFC271 /* LaunchScreen.storyboard */ = {
			isa = PBXVariantGroup;
			children = (
				9E3888D11D862E8900DFC271 /* Base */,
			);
			name = LaunchScreen.storyboard;
			sourceTree = "<group>";
		};
/* End PBXVariantGroup section */

/* Begin XCBuildConfiguration section */
		9E3888DF1D862E8A00DFC271 /* Debug */ = {
			isa = XCBuildConfiguration;
			buildSettings = {
				ALWAYS_SEARCH_USER_PATHS = NO;
				CLANG_ANALYZER_NONNULL = YES;
				CLANG_CXX_LANGUAGE_STANDARD = "gnu++0x";
				CLANG_CXX_LIBRARY = "libc++";
				CLANG_ENABLE_MODULES = YES;
				CLANG_ENABLE_OBJC_ARC = YES;
				CLANG_WARN_BOOL_CONVERSION = YES;
				CLANG_WARN_CONSTANT_CONVERSION = YES;
				CLANG_WARN_DIRECT_OBJC_ISA_USAGE = YES_ERROR;
				CLANG_WARN_EMPTY_BODY = YES;
				CLANG_WARN_ENUM_CONVERSION = YES;
				CLANG_WARN_INFINITE_RECURSION = YES;
				CLANG_WARN_INT_CONVERSION = YES;
				CLANG_WARN_OBJC_ROOT_CLASS = YES_ERROR;
				CLANG_WARN_SUSPICIOUS_MOVE = YES;
				CLANG_WARN_UNREACHABLE_CODE = YES;
				CLANG_WARN__DUPLICATE_METHOD_MATCH = YES;
				"CODE_SIGN_IDENTITY[sdk=iphoneos*]" = "iPhone Developer";
				COPY_PHASE_STRIP = NO;
				DEBUG_INFORMATION_FORMAT = dwarf;
				ENABLE_BITCODE = NO;
				ENABLE_STRICT_OBJC_MSGSEND = YES;
				ENABLE_TESTABILITY = YES;
				GCC_C_LANGUAGE_STANDARD = gnu99;
				GCC_DYNAMIC_NO_PIC = NO;
				GCC_NO_COMMON_BLOCKS = YES;
				GCC_OPTIMIZATION_LEVEL = 0;
				GCC_PREPROCESSOR_DEFINITIONS = (
					"DEBUG=1",
					"$(inherited)",
				);
				GCC_WARN_64_TO_32_BIT_CONVERSION = YES;
				GCC_WARN_ABOUT_RETURN_TYPE = YES_ERROR;
				GCC_WARN_UNDECLARED_SELECTOR = YES;
				GCC_WARN_UNINITIALIZED_AUTOS = YES_AGGRESSIVE;
				GCC_WARN_UNUSED_FUNCTION = YES;
				GCC_WARN_UNUSED_VARIABLE = YES;
				IPHONEOS_DEPLOYMENT_TARGET = 10.0;
				MTL_ENABLE_DEBUG_INFO = YES;
				ONLY_ACTIVE_ARCH = YES;
				OTHER_LDFLAGS = (
					"-lstdc++",
					"-all_load",
				);
				SDKROOT = iphoneos;
				SWIFT_OPTIMIZATION_LEVEL = "-Onone";
				TARGETED_DEVICE_FAMILY = "1,2";
			};
			name = Debug;
		};
		9E3888E01D862E8A00DFC271 /* Release */ = {
			isa = XCBuildConfiguration;
			buildSettings = {
				ALWAYS_SEARCH_USER_PATHS = NO;
				CLANG_ANALYZER_NONNULL = YES;
				CLANG_CXX_LANGUAGE_STANDARD = "gnu++0x";
				CLANG_CXX_LIBRARY = "libc++";
				CLANG_ENABLE_MODULES = YES;
				CLANG_ENABLE_OBJC_ARC = YES;
				CLANG_WARN_BOOL_CONVERSION = YES;
				CLANG_WARN_CONSTANT_CONVERSION = YES;
				CLANG_WARN_DIRECT_OBJC_ISA_USAGE = YES_ERROR;
				CLANG_WARN_EMPTY_BODY = YES;
				CLANG_WARN_ENUM_CONVERSION = YES;
				CLANG_WARN_INFINITE_RECURSION = YES;
				CLANG_WARN_INT_CONVERSION = YES;
				CLANG_WARN_OBJC_ROOT_CLASS = YES_ERROR;
				CLANG_WARN_SUSPICIOUS_MOVE = YES;
				CLANG_WARN_UNREACHABLE_CODE = YES;
				CLANG_WARN__DUPLICATE_METHOD_MATCH = YES;
				"CODE_SIGN_IDENTITY[sdk=iphoneos*]" = "iPhone Developer";
				COPY_PHASE_STRIP = NO;
				DEBUG_INFORMATION_FORMAT = "dwarf-with-dsym";
				ENABLE_BITCODE = NO;
				ENABLE_NS_ASSERTIONS = NO;
				ENABLE_STRICT_OBJC_MSGSEND = YES;
				GCC_C_LANGUAGE_STANDARD = gnu99;
				GCC_NO_COMMON_BLOCKS = YES;
				GCC_WARN_64_TO_32_BIT_CONVERSION = YES;
				GCC_WARN_ABOUT_RETURN_TYPE = YES_ERROR;
				GCC_WARN_UNDECLARED_SELECTOR = YES;
				GCC_WARN_UNINITIALIZED_AUTOS = YES_AGGRESSIVE;
				GCC_WARN_UNUSED_FUNCTION = YES;
				GCC_WARN_UNUSED_VARIABLE = YES;
				IPHONEOS_DEPLOYMENT_TARGET = 10.0;
				MTL_ENABLE_DEBUG_INFO = NO;
				OTHER_LDFLAGS = (
					"-lstdc++",
					"-all_load",
				);
				SDKROOT = iphoneos;
				SWIFT_OPTIMIZATION_LEVEL = "-Owholemodule";
				TARGETED_DEVICE_FAMILY = "1,2";
				VALIDATE_PRODUCT = YES;
			};
			name = Release;
		};
		9E3888E21D862E8A00DFC271 /* Debug */ = {
			isa = XCBuildConfiguration;
			buildSettings = {
				ASSETCATALOG_COMPILER_APPICON_NAME = AppIcon;
				CLANG_ENABLE_MODULES = YES;
				CODE_SIGN_ENTITLEMENTS = PowerIntervals/PowerIntervals.entitlements;
				DEVELOPMENT_TEAM = F4WTN36U2F;
				FRAMEWORK_SEARCH_PATHS = (
					"$(inherited)",
					"$(PROJECT_DIR)/PowerIntervals",
					"$(PROJECT_DIR)",
					"$(PROJECT_DIR)/Carthage/Build/iOS",
				);
				INFOPLIST_FILE = PowerIntervals/Info.plist;
				LD_RUNPATH_SEARCH_PATHS = "$(inherited) @executable_path/Frameworks";
				OTHER_SWIFT_FLAGS = "-D DEBUG";
				PRODUCT_BUNDLE_IDENTIFIER = io.thumbworks.PowerIntervals;
				PRODUCT_NAME = "$(TARGET_NAME)";
				SWIFT_OBJC_BRIDGING_HEADER = "PowerIntervals/PowerIntervals-Bridging-Header.h";
				SWIFT_OPTIMIZATION_LEVEL = "-Onone";
				SWIFT_VERSION = 3.0;
			};
			name = Debug;
		};
		9E3888E31D862E8A00DFC271 /* Release */ = {
			isa = XCBuildConfiguration;
			buildSettings = {
				ASSETCATALOG_COMPILER_APPICON_NAME = AppIcon;
				CLANG_ENABLE_MODULES = YES;
				CODE_SIGN_ENTITLEMENTS = PowerIntervals/PowerIntervals.entitlements;
				DEVELOPMENT_TEAM = F4WTN36U2F;
				FRAMEWORK_SEARCH_PATHS = (
					"$(inherited)",
					"$(PROJECT_DIR)/PowerIntervals",
					"$(PROJECT_DIR)",
					"$(PROJECT_DIR)/Carthage/Build/iOS",
				);
				INFOPLIST_FILE = PowerIntervals/Info.plist;
				LD_RUNPATH_SEARCH_PATHS = "$(inherited) @executable_path/Frameworks";
				OTHER_SWIFT_FLAGS = "";
				PRODUCT_BUNDLE_IDENTIFIER = io.thumbworks.PowerIntervals;
				PRODUCT_NAME = "$(TARGET_NAME)";
				SWIFT_OBJC_BRIDGING_HEADER = "PowerIntervals/PowerIntervals-Bridging-Header.h";
				SWIFT_VERSION = 3.0;
			};
			name = Release;
		};
		9E3888E51D862E8A00DFC271 /* Debug */ = {
			isa = XCBuildConfiguration;
			buildSettings = {
				BUNDLE_LOADER = "$(TEST_HOST)";
				FRAMEWORK_SEARCH_PATHS = (
					"$(inherited)",
					"$(PROJECT_DIR)/Carthage/Build/iOS",
				);
				INFOPLIST_FILE = PowerIntervalsTests/Info.plist;
				LD_RUNPATH_SEARCH_PATHS = "$(inherited) @executable_path/Frameworks @loader_path/Frameworks";
				PRODUCT_BUNDLE_IDENTIFIER = io.thumbworks.PowerIntervalsTests;
				PRODUCT_NAME = "$(TARGET_NAME)";
				SWIFT_VERSION = 3.0;
				TEST_HOST = "$(BUILT_PRODUCTS_DIR)/PowerIntervals.app/PowerIntervals";
			};
			name = Debug;
		};
		9E3888E61D862E8A00DFC271 /* Release */ = {
			isa = XCBuildConfiguration;
			buildSettings = {
				BUNDLE_LOADER = "$(TEST_HOST)";
				FRAMEWORK_SEARCH_PATHS = (
					"$(inherited)",
					"$(PROJECT_DIR)/Carthage/Build/iOS",
				);
				INFOPLIST_FILE = PowerIntervalsTests/Info.plist;
				LD_RUNPATH_SEARCH_PATHS = "$(inherited) @executable_path/Frameworks @loader_path/Frameworks";
				PRODUCT_BUNDLE_IDENTIFIER = io.thumbworks.PowerIntervalsTests;
				PRODUCT_NAME = "$(TARGET_NAME)";
				SWIFT_VERSION = 3.0;
				TEST_HOST = "$(BUILT_PRODUCTS_DIR)/PowerIntervals.app/PowerIntervals";
			};
			name = Release;
		};
/* End XCBuildConfiguration section */

/* Begin XCConfigurationList section */
		9E3888BF1D862E8900DFC271 /* Build configuration list for PBXProject "PowerIntervals" */ = {
			isa = XCConfigurationList;
			buildConfigurations = (
				9E3888DF1D862E8A00DFC271 /* Debug */,
				9E3888E01D862E8A00DFC271 /* Release */,
			);
			defaultConfigurationIsVisible = 0;
			defaultConfigurationName = Release;
		};
		9E3888E11D862E8A00DFC271 /* Build configuration list for PBXNativeTarget "PowerIntervals" */ = {
			isa = XCConfigurationList;
			buildConfigurations = (
				9E3888E21D862E8A00DFC271 /* Debug */,
				9E3888E31D862E8A00DFC271 /* Release */,
			);
			defaultConfigurationIsVisible = 0;
			defaultConfigurationName = Release;
		};
		9E3888E41D862E8A00DFC271 /* Build configuration list for PBXNativeTarget "PowerIntervalsTests" */ = {
			isa = XCConfigurationList;
			buildConfigurations = (
				9E3888E51D862E8A00DFC271 /* Debug */,
				9E3888E61D862E8A00DFC271 /* Release */,
			);
			defaultConfigurationIsVisible = 0;
			defaultConfigurationName = Release;
		};
/* End XCConfigurationList section */
	};
	rootObject = 9E3888BC1D862E8900DFC271 /* Project object */;
}
